// !$*UTF8*$!
{
	archiveVersion = 1;
	classes = {
	};
	objectVersion = 46;
	objects = {

/* Begin PBXBuildFile section */
		415F651A1C019F0100AAC27D /* main.c in Sources */ = {isa = PBXBuildFile; fileRef = 415F65191C019F0100AAC27D /* main.c */; };
/* End PBXBuildFile section */

/* Begin PBXCopyFilesBuildPhase section */
		415F65141C019F0100AAC27D /* CopyFiles */ = {
			isa = PBXCopyFilesBuildPhase;
			buildActionMask = 2147483647;
			dstPath = /usr/share/man/man1/;
			dstSubfolderSpec = 0;
			files = (
			);
			runOnlyForDeploymentPostprocessing = 1;
		};
/* End PBXCopyFilesBuildPhase section */

/* Begin PBXFileReference section */
		415F65161C019F0100AAC27D /* DS_HW2_HuffmanCode */ = {isa = PBXFileReference; explicitFileType = "compiled.mach-o.executable"; includeInIndex = 0; path = DS_HW2_HuffmanCode; sourceTree = BUILT_PRODUCTS_DIR; };
		415F65191C019F0100AAC27D /* main.c */ = {isa = PBXFileReference; lastKnownFileType = sourcecode.c.c; path = main.c; sourceTree = "<group>"; };
/* End PBXFileReference section */

/* Begin PBXFrameworksBuildPhase section */
		415F65131C019F0100AAC27D /* Frameworks */ = {
			isa = PBXFrameworksBuildPhase;
			buildActionMask = 2147483647;
			files = (
			);
			runOnlyForDeploymentPostprocessing = 0;
		};
/* End PBXFrameworksBuildPhase section */

/* Begin PBXGroup section */
		415F650D1C019F0100AAC27D = {
			isa = PBXGroup;
			children = (
				415F65181C019F0100AAC27D /* DS_HW2_HuffmanCode */,
				415F65171C019F0100AAC27D /* Products */,
			);
			sourceTree = "<group>";
		};
		415F65171C019F0100AAC27D /* Products */ = {
			isa = PBXGroup;
			children = (
				415F65161C019F0100AAC27D /* DS_HW2_HuffmanCode */,
			);
			name = Products;
			sourceTree = "<group>";
		};
		415F65181C019F0100AAC27D /* DS_HW2_HuffmanCode */ = {
			isa = PBXGroup;
			children = (
				415F65191C019F0100AAC27D /* main.c */,
			);
			path = DS_HW2_HuffmanCode;
			sourceTree = "<group>";
		};
/* End PBXGroup section */

/* Begin PBXNativeTarget section */
		415F65151C019F0100AAC27D /* DS_HW2_HuffmanCode */ = {
			isa = PBXNativeTarget;
			buildConfigurationList = 415F651D1C019F0100AAC27D /* Build configuration list for PBXNativeTarget "DS_HW2_HuffmanCode" */;
			buildPhases = (
				415F65121C019F0100AAC27D /* Sources */,
				415F65131C019F0100AAC27D /* Frameworks */,
				415F65141C019F0100AAC27D /* CopyFiles */,
			);
			buildRules = (
			);
			dependencies = (
			);
			name = DS_HW2_HuffmanCode;
			productName = DS_HW2_HuffmanCode;
			productReference = 415F65161C019F0100AAC27D /* DS_HW2_HuffmanCode */;
			productType = "com.apple.product-type.tool";
		};
/* End PBXNativeTarget section */

/* Begin PBXProject section */
		415F650E1C019F0100AAC27D /* Project object */ = {
			isa = PBXProject;
			attributes = {
				LastUpgradeCheck = 0710;
				ORGANIZATIONNAME = "GONG, YI-JHONG";
				TargetAttributes = {
					415F65151C019F0100AAC27D = {
						CreatedOnToolsVersion = 7.1.1;
					};
				};
			};
			buildConfigurationList = 415F65111C019F0100AAC27D /* Build configuration list for PBXProject "DS_HW2_HuffmanCode" */;
			compatibilityVersion = "Xcode 3.2";
			developmentRegion = English;
			hasScannedForEncodings = 0;
			knownRegions = (
				en,
			);
			mainGroup = 415F650D1C019F0100AAC27D;
			productRefGroup = 415F65171C019F0100AAC27D /* Products */;
			projectDirPath = "";
			projectRoot = "";
			targets = (
				415F65151C019F0100AAC27D /* DS_HW2_HuffmanCode */,
			);
		};
/* End PBXProject section */

/* Begin PBXSourcesBuildPhase section */
		415F65121C019F0100AAC27D /* Sources */ = {
			isa = PBXSourcesBuildPhase;
			buildActionMask = 2147483647;
			files = (
				415F651A1C019F0100AAC27D /* main.c in Sources */,
			);
			runOnlyForDeploymentPostprocessing = 0;
		};
/* End PBXSourcesBuildPhase section */

/* Begin XCBuildConfiguration section */
		415F651B1C019F0100AAC27D /* Debug */ = {
			isa = XCBuildConfiguration;
			buildSettings = {
				ALWAYS_SEARCH_USER_PATHS = NO;
				CLANG_CXX_LANGUAGE_STANDARD = "gnu++0x";
				CLANG_CXX_LIBRARY = "libc++";
				CLANG_ENABLE_MODULES = YES;
				CLANG_ENABLE_OBJC_ARC = YES;
				CLANG_WARN_BOOL_CONVERSION = YES;
				CLANG_WARN_CONSTANT_CONVERSION = YES;
				CLANG_WARN_DIRECT_OBJC_ISA_USAGE = YES_ERROR;
				CLANG_WARN_EMPTY_BODY = YES;
				CLANG_WARN_ENUM_CONVERSION = YES;
				CLANG_WARN_INT_CONVERSION = YES;
				CLANG_WARN_OBJC_ROOT_CLASS = YES_ERROR;
				CLANG_WARN_UNREACHABLE_CODE = YES;
				CLANG_WARN__DUPLICATE_METHOD_MATCH = YES;
				CODE_SIGN_IDENTITY = "-";
				COPY_PHASE_STRIP = NO;
				DEBUG_INFORMATION_FORMAT = dwarf;
				ENABLE_STRICT_OBJC_MSGSEND = YES;
				ENABLE_TESTABILITY = YES;
				GCC_C_LANGUAGE_STANDARD = gnu99;
				GCC_DYNAMIC_NO_PIC = NO;
				GCC_NO_COMMON_BLOCKS = YES;
				GCC_OPTIMIZATION_LEVEL = 0;
				GCC_PREPROCESSOR_DEFINITIONS = (
					"DEBUG=1",
					"$(inherited)",
				);
				GCC_WARN_64_TO_32_BIT_CONVERSION = YES;
				GCC_WARN_ABOUT_RETURN_TYPE = YES_ERROR;
				GCC_WARN_UNDECLARED_SELECTOR = YES;
				GCC_WARN_UNINITIALIZED_AUTOS = YES_AGGRESSIVE;
				GCC_WARN_UNUSED_FUNCTION = YES;
				GCC_WARN_UNUSED_VARIABLE = YES;
				MACOSX_DEPLOYMENT_TARGET = 10.11;
				MTL_ENABLE_DEBUG_INFO = YES;
				ONLY_ACTIVE_ARCH = YES;
				SDKROOT = macosx;
			};
			name = Debug;
		};
		415F651C1C019F0100AAC27D /* Release */ = {
			isa = XCBuildConfiguration;
			buildSettings = {
				ALWAYS_SEARCH_USER_PATHS = NO;
				CLANG_CXX_LANGUAGE_STANDARD = "gnu++0x";
				CLANG_CXX_LIBRARY = "libc++";
				CLANG_ENABLE_MODULES = YES;
				CLANG_ENABLE_OBJC_ARC = YES;
				CLANG_WARN_BOOL_CONVERSION = YES;
				CLANG_WARN_CONSTANT_CONVERSION = YES;
				CLANG_WARN_DIRECT_OBJC_ISA_USAGE = YES_ERROR;
				CLANG_WARN_EMPTY_BODY = YES;
				CLANG_WARN_ENUM_CONVERSION = YES;
				CLANG_WARN_INT_CONVERSION = YES;
				CLANG_WARN_OBJC_ROOT_CLASS = YES_ERROR;
				CLANG_WARN_UNREACHABLE_CODE = YES;
				CLANG_WARN__DUPLICATE_METHOD_MATCH = YES;
				CODE_SIGN_IDENTITY = "-";
				COPY_PHASE_STRIP = NO;
				DEBUG_INFORMATION_FORMAT = "dwarf-with-dsym";
				ENABLE_NS_ASSERTIONS = NO;
				ENABLE_STRICT_OBJC_MSGSEND = YES;
				GCC_C_LANGUAGE_STANDARD = gnu99;
				GCC_NO_COMMON_BLOCKS = YES;
				GCC_WARN_64_TO_32_BIT_CONVERSION = YES;
				GCC_WARN_ABOUT_RETURN_TYPE = YES_ERROR;
				GCC_WARN_UNDECLARED_SELECTOR = YES;
				GCC_WARN_UNINITIALIZED_AUTOS = YES_AGGRESSIVE;
				GCC_WARN_UNUSED_FUNCTION = YES;
				GCC_WARN_UNUSED_VARIABLE = YES;
				MACOSX_DEPLOYMENT_TARGET = 10.11;
				MTL_ENABLE_DEBUG_INFO = NO;
				SDKROOT = macosx;
			};
			name = Release;
		};
		415F651E1C019F0100AAC27D /* Debug */ = {
			isa = XCBuildConfiguration;
			buildSettings = {
				PRODUCT_NAME = "$(TARGET_NAME)";
			};
			name = Debug;
		};
		415F651F1C019F0100AAC27D /* Release */ = {
			isa = XCBuildConfiguration;
			buildSettings = {
				PRODUCT_NAME = "$(TARGET_NAME)";
			};
			name = Release;
		};
/* End XCBuildConfiguration section */

/* Begin XCConfigurationList section */
		415F65111C019F0100AAC27D /* Build configuration list for PBXProject "DS_HW2_HuffmanCode" */ = {
			isa = XCConfigurationList;
			buildConfigurations = (
				415F651B1C019F0100AAC27D /* Debug */,
				415F651C1C019F0100AAC27D /* Release */,
			);
			defaultConfigurationIsVisible = 0;
			defaultConfigurationName = Release;
		};
		415F651D1C019F0100AAC27D /* Build configuration list for PBXNativeTarget "DS_HW2_HuffmanCode" */ = {
			isa = XCConfigurationList;
			buildConfigurations = (
				415F651E1C019F0100AAC27D /* Debug */,
				415F651F1C019F0100AAC27D /* Release */,
			);
			defaultConfigurationIsVisible = 0;
		};
/* End XCConfigurationList section */
	};
	rootObject = 415F650E1C019F0100AAC27D /* Project object */;
}
